{
  "name": "@pranshuparmar/witr",
  "version": "0.2.9",
  "lockfileVersion": 3,
  "requires": true,
  "packages": {
    "": {
      "name": "@pranshuparmar/witr",
      "version": "0.2.9",
      "cpu": [
        "x64",
        "arm64"
      ],
      "license": "Apache-2.0",
      "os": [
        "darwin",
        "linux",
        "win32",
        "freebsd"
      ],
      "dependencies": {
        "adm-zip": "^0.5.16",
        "follow-redirects": "^1.15.11"
      },
      "bin": {
        "witr": "index.js"
      }
    },
    "node_modules/adm-zip": {
      "version": "0.5.16",
      "resolved": "https://registry.npmjs.org/adm-zip/-/adm-zip-0.5.16.tgz",
      "integrity": "sha512-TGw5yVi4saajsSEgz25grObGHEUaDrniwvA2qwSC060KfqGPdglhvPMA2lPIoxs3PQIItj2iag35fONcQqgUaQ==",
      "license": "MIT",
      "engines": {
        "node": ">=12.0"
      }
    },
    "node_modules/follow-redirects": {
      "version": "1.15.11",
      "resolved": "https://registry.npmjs.org/follow-redirects/-/follow-redirects-1.15.11.tgz",
      "integrity": "sha512-deG2P0JfjrTxl50XGCDyfI97ZGVCxIpfKYmfyrQ54n5FO/0gfIES8C/Psl6kWVDolizcaaxZJnTS0QSMxvnsBQ==",
      "funding": [
        {
          "type": "individual",
          "url": "https://github.com/sponsors/RubenVerborgh"
        }
      ],
      "license": "MIT",
      "engines": {
        "node": ">=4.0"
      },
      "peerDependenciesMeta": {
        "debug": {
          "optional": true
        }
      }
    }
  }
}
